{
  "projects": [
    {
      "projectId": "seaQhLVS4bbjiGvJJrRwyL",
      "version": "15.0.3",
      "dependencies": {},
      "lang": "ts",
      "fileLocks": [
        {
          "assetId": "seaQhLVS4bbjiGvJJrRwyL",
          "type": "projectCss",
          "checksum": "dc88471beadb978e51eb3ceb75d10fdb"
        }
      ]
    },
    {
      "projectId": "wXx2xXJUyU1nsKSRrmgFXN",
      "version": "latest",
      "dependencies": {
        "seaQhLVS4bbjiGvJJrRwyL": "15.0.3"
      },
      "lang": "ts",
      "fileLocks": [
        {
          "type": "globalVariant",
          "assetId": "OHb7xp08cGEU3S",
          "checksum": "67c1a1f4f14402146ea25bf45d2b3dcc"
        },
        {
          "assetId": "wXx2xXJUyU1nsKSRrmgFXN",
          "type": "projectCss",
          "checksum": "2c80119db998a8bc2a442227f2bd7dc9"
        },
        {
          "type": "renderModule",
          "assetId": "Lfy09lno5ZFcc",
          "checksum": "68627ff29bba10c55f59e2dc54ad211b"
        },
        {
          "type": "cssRules",
          "assetId": "Lfy09lno5ZFcc",
          "checksum": "68627ff29bba10c55f59e2dc54ad211b"
        },
        {
          "type": "renderModule",
          "assetId": "R-DvB2UHlAVNW",
          "checksum": "ceb643938ae065d0da0fff22d49bb294"
        },
        {
          "type": "cssRules",
          "assetId": "R-DvB2UHlAVNW",
          "checksum": "ceb643938ae065d0da0fff22d49bb294"
        },
        {
          "type": "renderModule",
          "assetId": "nU-xrFNPWV8n1",
          "checksum": "1d6a619a01ba4d8d9b8add7408867a9e"
        },
        {
          "type": "cssRules",
          "assetId": "nU-xrFNPWV8n1",
          "checksum": "1d6a619a01ba4d8d9b8add7408867a9e"
        },
        {
          "type": "renderModule",
          "assetId": "zEY_byEQ9HCDq",
          "checksum": "699e4d4a8b21fe001be3235d13e20009"
        },
        {
          "type": "cssRules",
          "assetId": "zEY_byEQ9HCDq",
          "checksum": "699e4d4a8b21fe001be3235d13e20009"
        },
        {
          "type": "renderModule",
          "assetId": "4qNi-fYbHkTINQ",
          "checksum": "c0b3b1367e8bee104a63a86de843c208"
        },
        {
          "type": "cssRules",
          "assetId": "4qNi-fYbHkTINQ",
          "checksum": "c0b3b1367e8bee104a63a86de843c208"
        },
        {
          "type": "renderModule",
          "assetId": "T-o9cjDDZ8TsKK",
          "checksum": "987ed3be7a1d435affd4e59d282ff028"
        },
        {
          "type": "cssRules",
          "assetId": "T-o9cjDDZ8TsKK",
          "checksum": "987ed3be7a1d435affd4e59d282ff028"
        },
        {
          "type": "renderModule",
          "assetId": "BXSTVc4m0Ph0Bv",
          "checksum": "cd27a4949ef4c43d80b3633fc13e68fc"
        },
        {
          "type": "cssRules",
          "assetId": "BXSTVc4m0Ph0Bv",
          "checksum": "cd27a4949ef4c43d80b3633fc13e68fc"
        },
        {
          "type": "renderModule",
          "assetId": "SX13IGuMlIxNEf",
          "checksum": "8f937e4ac316c9c47883f7975e6e5d6b"
        },
        {
          "type": "cssRules",
          "assetId": "SX13IGuMlIxNEf",
          "checksum": "8f937e4ac316c9c47883f7975e6e5d6b"
        },
        {
          "type": "renderModule",
          "assetId": "xXRlJBYW7Nhstt",
          "checksum": "5bdb906b0cd736d7781fcc008b0feb15"
        },
        {
          "type": "cssRules",
          "assetId": "xXRlJBYW7Nhstt",
          "checksum": "5bdb906b0cd736d7781fcc008b0feb15"
        },
        {
          "type": "renderModule",
          "assetId": "Pbz_eeXHmIG6Oo",
          "checksum": "8b55b2b259e18bcec2f67a1cd7c430d3"
        },
        {
          "type": "cssRules",
          "assetId": "Pbz_eeXHmIG6Oo",
          "checksum": "8b55b2b259e18bcec2f67a1cd7c430d3"
        },
        {
          "type": "renderModule",
          "assetId": "KXI4tDGIAqY7RE",
          "checksum": "cf900f9abe0c995cfd3f4ee29a5f3ec9"
        },
        {
          "type": "cssRules",
          "assetId": "KXI4tDGIAqY7RE",
          "checksum": "cf900f9abe0c995cfd3f4ee29a5f3ec9"
        },
        {
          "type": "icon",
          "assetId": "me7-SJ879RkgJu",
          "checksum": "8383a8bd1826f92d61fc2c2377ea3d30"
        },
        {
          "type": "icon",
          "assetId": "iIEXv02d438D7M",
          "checksum": "e356c7a5801f4197efa6d746891ea12c"
        },
        {
          "type": "icon",
          "assetId": "ksPwB2C-Q3dF8X",
          "checksum": "0909bc9d954e30c13060e1e51a2ca87e"
        },
        {
          "type": "icon",
          "assetId": "9fKZuAf_vc-Bzn",
          "checksum": "dfc524805f4181da9a2f19787bb6fb5a"
        },
        {
          "type": "icon",
          "assetId": "IAU3FXJJKOvfv7",
          "checksum": "575410f66d009c63d6b33ccc87f111ca"
        },
        {
          "type": "icon",
          "assetId": "xqvgdiXv5Lnoyc",
          "checksum": "0159bf933a61c32a72a8a3d5403e9589"
        },
        {
          "type": "icon",
          "assetId": "VUn68q38kEis0A",
          "checksum": "cd746a50c0ed3168187534c1e929b1e1"
        },
        {
          "type": "icon",
          "assetId": "MQokh63DxaXITT",
          "checksum": "07d452f874d61d86ea8da37d954bdf78"
        },
        {
          "type": "icon",
          "assetId": "5OAR191-kzhIF0",
          "checksum": "27d91f80046da1b7720395cc74d108e9"
        },
        {
          "type": "icon",
          "assetId": "iN_9i2FujxnbuU",
          "checksum": "58494fade321cd97a853123384de380b"
        },
        {
          "type": "icon",
          "assetId": "4U5CyihJqsPrMo",
          "checksum": "c5545474fe7f0f0cbb250cb40922314a"
        },
        {
          "type": "icon",
          "assetId": "KNy0l26v4gKE-D",
          "checksum": "53fea330af599c7a630cf3d8556e5678"
        },
        {
          "type": "icon",
          "assetId": "bvISjTB_oe6Mak",
          "checksum": "edd3226ae31a39abacc36cb60ab12c6f"
        },
        {
          "type": "icon",
          "assetId": "Fo-W7tqLDO_6qg",
          "checksum": "cc5a9864b89f57fdf502e8ae82e0bbcd"
        },
        {
          "type": "icon",
          "assetId": "GAREoartVA_Cwr",
          "checksum": "3b8fc289b81065b6874f7ac511e4dc56"
        },
        {
          "type": "icon",
          "assetId": "DUoeWtDYoDwYyJ",
          "checksum": "c476e659e664cf17575e3f3ce68445f5"
        },
        {
          "type": "icon",
          "assetId": "Pz5pfNDqQMcBnX",
          "checksum": "da08c486e7f8733f0fc2f9d8f1c3d672"
        },
        {
          "type": "image",
          "assetId": "8i-vmBmPZd3f8b",
          "checksum": "f7ae4bb267c9229493020001b0799109"
        },
        {
          "type": "image",
          "assetId": "Gxn50HZKWIdYmO",
          "checksum": "172fae1bd2656c6de98d8d4334d8b537"
        },
        {
          "type": "image",
          "assetId": "2-1fHdx9FdKVkb",
          "checksum": "002103b23e2d72e7aab14f764f52caf4"
        },
        {
          "type": "image",
          "assetId": "o-sJcjYj9ljjne",
          "checksum": "b57b35f5d3401ac8d3ff41138c293b5b"
        },
        {
          "type": "image",
          "assetId": "v8228qDOGUoJR0",
          "checksum": "51ddf489fa4c71119abd51e47eba0681"
        },
        {
          "type": "image",
          "assetId": "lWSQNX2giYhq_B",
          "checksum": "3b1a9670a4954da395d5929c1f94e29f"
        },
        {
          "type": "image",
          "assetId": "jyjnIJGLTU03Ys",
          "checksum": "101d72463d133ba887a0cc749abcf094"
        },
        {
          "type": "image",
          "assetId": "TPjxBeZ_oIMiTz",
          "checksum": "44a143d75843317022b7304505433848"
        },
        {
          "type": "image",
          "assetId": "LmKoVduZazpu1O",
          "checksum": "00e47d48834cb0e86924617ff1ad305b"
        },
        {
          "type": "image",
          "assetId": "75CDk5ie6JSspH",
          "checksum": "4124c51f72a409286bfe3a8674d05a5d"
        },
        {
          "type": "image",
          "assetId": "9R5lFfPb1dT_FC",
          "checksum": "010cabd78ddcd51f7e69a626c1a89f96"
        },
        {
          "type": "image",
          "assetId": "0_KlJTDhQ3RY4w",
          "checksum": "f8b5df142c1ad1805168662281508860"
        },
        {
          "type": "image",
          "assetId": "cDCCzQljBvEiaB",
          "checksum": "6f4b3c823ebd1428625741fea99ef7b1"
        },
        {
          "type": "image",
          "assetId": "LFrDsPb7GTzigw",
          "checksum": "5ab4150464508754654df6d81ffb21aa"
        },
        {
          "type": "image",
          "assetId": "3Y10mMsTnfe3vB",
          "checksum": "7a9a02341661a612e5750b4c82af9936"
        },
        {
          "type": "image",
          "assetId": "MAyceQ9DRZ9I3l",
          "checksum": "2a6b48d65b7f6275514cfeb444e6b5b3"
        },
        {
          "type": "image",
          "assetId": "MR4ZWHPbFm-HZu",
          "checksum": "0c4253bb26e4d8cc32125e79c1bbd1b5"
        },
        {
          "type": "image",
          "assetId": "ZiGaBCn5WIDnqC",
          "checksum": "fc999a023dd98fdc2573f95b6fd843f8"
        },
        {
          "type": "image",
          "assetId": "gkqYiZo8L1tYEy",
          "checksum": "5b92f5b7f1e6085f02077b339932e25c"
        },
        {
          "type": "image",
          "assetId": "r5uzy9Bws8XU35",
          "checksum": "ed9b5785ae5e595dcf432a46ecef96bb"
        },
        {
          "type": "image",
          "assetId": "3yU5eyXCI3vv7z",
          "checksum": "b342f434093cc1618eba77329ef87581"
        },
        {
          "type": "image",
          "assetId": "nEhptYadL2yLXR",
          "checksum": "80916f32b21c4afb50bb91ec6f9ffba7"
        },
        {
          "type": "image",
          "assetId": "MJhUnPQ1w1P2IS",
          "checksum": "154444d264e85b14e31d27820ecc79c1"
        },
        {
          "type": "image",
          "assetId": "iobJgYUTQALHWt",
          "checksum": "31d32c8606be80404ea5c37f8f20213e"
        },
        {
          "type": "image",
          "assetId": "XxgSIIDqXoXSZe",
          "checksum": "043cfe6e619f00c1e5b2572948ac3744"
        }
      ]
    }
  ],
  "cliVersion": "0.1.136"
}
